{
    "name": "nodebb-plugin-contact-page",
    "version": "1.4.0",
    "lockfileVersion": 2,
    "requires": true,
    "packages": {
        "": {
            "name": "nodebb-plugin-contact-page",
            "version": "1.4.0",
            "license": "BSD-2-Clause",
            "dependencies": {
                "hcaptcha": "^0.1.1",
                "simple-recaptcha-new": "^1.1.1"
            }
        },
        "node_modules/hcaptcha": {
            "version": "0.1.1",
            "resolved": "https://registry.npmjs.org/hcaptcha/-/hcaptcha-0.1.1.tgz",
            "integrity": "sha512-iMrDmH2VpIEKOrcKWidVjI89FdDKTEdZ7PfPWkP27sTazIIkob8YfdY2ezaufAnWBiUUcvzsn0qF+dyXtBH2Vw=="
        },
        "node_modules/simple-recaptcha-new": {
            "version": "1.1.1",
            "resolved": "https://registry.npmjs.org/simple-recaptcha-new/-/simple-recaptcha-new-1.1.1.tgz",
            "integrity": "sha1-iYFEIhEK8Xd0vEyjwpKhUm31nDg="
        }
    },
    "dependencies": {
        "hcaptcha": {
            "version": "0.1.1",
            "resolved": "https://registry.npmjs.org/hcaptcha/-/hcaptcha-0.1.1.tgz",
            "integrity": "sha512-iMrDmH2VpIEKOrcKWidVjI89FdDKTEdZ7PfPWkP27sTazIIkob8YfdY2ezaufAnWBiUUcvzsn0qF+dyXtBH2Vw=="
        },
        "simple-recaptcha-new": {
            "version": "1.1.1",
            "resolved": "https://registry.npmjs.org/simple-recaptcha-new/-/simple-recaptcha-new-1.1.1.tgz",
            "integrity": "sha1-iYFEIhEK8Xd0vEyjwpKhUm31nDg="
        }
    }
}
